// !$*UTF8*$!
{
	archiveVersion = 1;
	classes = {
	};
	objectVersion = 60;
	objects = {

/* Begin PBXBuildFile section */
		F0010001 /* VibeMasterApp.swift in Sources */ = {isa = PBXBuildFile; fileRef = F0020001 /* VibeMasterApp.swift */; };
		F0010002 /* ContentView.swift in Sources */ = {isa = PBXBuildFile; fileRef = F0020002 /* ContentView.swift */; };
		F0010006 /* SplashView.swift in Sources */ = {isa = PBXBuildFile; fileRef = F0020006 /* SplashView.swift */; };
		F0010007 /* DashboardView.swift in Sources */ = {isa = PBXBuildFile; fileRef = F0020007 /* DashboardView.swift */; };
		F0010008 /* SetupView.swift in Sources */ = {isa = PBXBuildFile; fileRef = F0020008 /* SetupView.swift */; };
		F0010009 /* GameView.swift in Sources */ = {isa = PBXBuildFile; fileRef = F0020009 /* GameView.swift */; };
		F001000A /* PodiumView.swift in Sources */ = {isa = PBXBuildFile; fileRef = F002000A /* PodiumView.swift */; };
		F001000B /* DeezerAPIService.swift in Sources */ = {isa = PBXBuildFile; fileRef = F002000B /* DeezerAPIService.swift */; };
		F001000C /* AudioPlaybackService.swift in Sources */ = {isa = PBXBuildFile; fileRef = F002000C /* AudioPlaybackService.swift */; };
		F001000D /* MockPlaylistService.swift in Sources */ = {isa = PBXBuildFile; fileRef = F002000D /* MockPlaylistService.swift */; };
		F001000E /* FavoritesManager.swift in Sources */ = {isa = PBXBuildFile; fileRef = F002000E /* FavoritesManager.swift */; };
		F001000F /* HapticManager.swift in Sources */ = {isa = PBXBuildFile; fileRef = F002000F /* HapticManager.swift */; };
		F0010010 /* MockData.json in Resources */ = {isa = PBXBuildFile; fileRef = F0020010 /* MockData.json */; };
		F0010011 /* Assets.xcassets in Resources */ = {isa = PBXBuildFile; fileRef = F0020011 /* Assets.xcassets */; };
		F0010012 /* LastGameState.swift in Sources */ = {isa = PBXBuildFile; fileRef = F0020012 /* LastGameState.swift */; };
		F0010013 /* VibeMasterCore in Frameworks */ = {isa = PBXBuildFile; productRef = F00PACK1 /* VibeMasterCore */; };
		F0010014 /* chime.wav in Resources */ = {isa = PBXBuildFile; fileRef = F0020013 /* chime.wav */; };
		F0010015 /* chime_high.wav in Resources */ = {isa = PBXBuildFile; fileRef = F0020014 /* chime_high.wav */; };
		F0010016 /* applause.wav in Resources */ = {isa = PBXBuildFile; fileRef = F0020015 /* applause.wav */; };
/* End PBXBuildFile section */

/* Begin PBXFileReference section */
		F0020000 /* VibeMaster.app */ = {isa = PBXFileReference; explicitFileType = wrapper.application; includeInIndex = 0; path = VibeMaster.app; sourceTree = BUILT_PRODUCTS_DIR; };
		F0020001 /* VibeMasterApp.swift */ = {isa = PBXFileReference; lastKnownFileType = sourcecode.swift; path = VibeMasterApp.swift; sourceTree = "<group>"; };
		F0020002 /* ContentView.swift */ = {isa = PBXFileReference; lastKnownFileType = sourcecode.swift; path = ContentView.swift; sourceTree = "<group>"; };
		F0020006 /* SplashView.swift */ = {isa = PBXFileReference; lastKnownFileType = sourcecode.swift; path = SplashView.swift; sourceTree = "<group>"; };
		F0020007 /* DashboardView.swift */ = {isa = PBXFileReference; lastKnownFileType = sourcecode.swift; path = DashboardView.swift; sourceTree = "<group>"; };
		F0020008 /* SetupView.swift */ = {isa = PBXFileReference; lastKnownFileType = sourcecode.swift; path = SetupView.swift; sourceTree = "<group>"; };
		F0020009 /* GameView.swift */ = {isa = PBXFileReference; lastKnownFileType = sourcecode.swift; path = GameView.swift; sourceTree = "<group>"; };
		F002000A /* PodiumView.swift */ = {isa = PBXFileReference; lastKnownFileType = sourcecode.swift; path = PodiumView.swift; sourceTree = "<group>"; };
		F002000B /* DeezerAPIService.swift */ = {isa = PBXFileReference; lastKnownFileType = sourcecode.swift; path = DeezerAPIService.swift; sourceTree = "<group>"; };
		F002000C /* AudioPlaybackService.swift */ = {isa = PBXFileReference; lastKnownFileType = sourcecode.swift; path = AudioPlaybackService.swift; sourceTree = "<group>"; };
		F002000D /* MockPlaylistService.swift */ = {isa = PBXFileReference; lastKnownFileType = sourcecode.swift; path = MockPlaylistService.swift; sourceTree = "<group>"; };
		F002000E /* FavoritesManager.swift */ = {isa = PBXFileReference; lastKnownFileType = sourcecode.swift; path = FavoritesManager.swift; sourceTree = "<group>"; };
		F002000F /* HapticManager.swift */ = {isa = PBXFileReference; lastKnownFileType = sourcecode.swift; path = HapticManager.swift; sourceTree = "<group>"; };
		F0020010 /* MockData.json */ = {isa = PBXFileReference; lastKnownFileType = text.json; path = MockData.json; sourceTree = "<group>"; };
		F0020011 /* Assets.xcassets */ = {isa = PBXFileReference; lastKnownFileType = folder.assetcatalog; path = Assets.xcassets; sourceTree = "<group>"; };
		F0020012 /* LastGameState.swift */ = {isa = PBXFileReference; lastKnownFileType = sourcecode.swift; path = LastGameState.swift; sourceTree = "<group>"; };
		F0020013 /* chime.wav */ = {isa = PBXFileReference; lastKnownFileType = file.wav; path = chime.wav; sourceTree = "<group>"; };
		F0020014 /* chime_high.wav */ = {isa = PBXFileReference; lastKnownFileType = file.wav; path = chime_high.wav; sourceTree = "<group>"; };
		F0020015 /* applause.wav */ = {isa = PBXFileReference; lastKnownFileType = file.wav; path = applause.wav; sourceTree = "<group>"; };
/* End PBXFileReference section */

/* Begin PBXFrameworksBuildPhase section */
		F0030001 /* Frameworks */ = {
			isa = PBXFrameworksBuildPhase;
			buildActionMask = 2147483647;
			files = (
				F0010013 /* VibeMasterCore in Frameworks */,
			);
			runOnlyForDeploymentPostprocessing = 0;
		};
/* End PBXFrameworksBuildPhase section */

/* Begin PBXGroup section */
		F0040000 = {
			isa = PBXGroup;
			children = (
				F0040001 /* VibeMaster */,
				F0040002 /* Products */,
			);
			sourceTree = "<group>";
		};
		F0040001 /* VibeMaster */ = {
			isa = PBXGroup;
			children = (
				F0020001 /* VibeMasterApp.swift */,
				F0020002 /* ContentView.swift */,
				F0040003 /* Models */,
				F0040004 /* ViewModels */,
				F0040005 /* Views */,
				F0040006 /* Services */,
				F0040007 /* Resources */,
			);
			path = VibeMaster;
			sourceTree = "<group>";
		};
		F0040002 /* Products */ = {
			isa = PBXGroup;
			children = (
				F0020000 /* VibeMaster.app */,
			);
			name = Products;
			sourceTree = "<group>";
		};
		F0040003 /* Models */ = {
			isa = PBXGroup;
			children = (
			);
			path = Models;
			sourceTree = "<group>";
		};
		F0040004 /* ViewModels */ = {
			isa = PBXGroup;
			children = (
			);
			path = ViewModels;
			sourceTree = "<group>";
		};
		F0040005 /* Views */ = {
			isa = PBXGroup;
			children = (
				F0020006 /* SplashView.swift */,
				F0020007 /* DashboardView.swift */,
				F0020008 /* SetupView.swift */,
				F0020009 /* GameView.swift */,
				F002000A /* PodiumView.swift */,
			);
			path = Views;
			sourceTree = "<group>";
		};
		F0040006 /* Services */ = {
			isa = PBXGroup;
			children = (
				F002000B /* DeezerAPIService.swift */,
				F002000C /* AudioPlaybackService.swift */,
				F002000D /* MockPlaylistService.swift */,
				F002000E /* FavoritesManager.swift */,
				F002000F /* HapticManager.swift */,
				F0020012 /* LastGameState.swift */,
			);
			path = Services;
			sourceTree = "<group>";
		};
		F0040007 /* Resources */ = {
			isa = PBXGroup;
			children = (
				F0020010 /* MockData.json */,
				F0020011 /* Assets.xcassets */,
				F0020013 /* chime.wav */,
				F0020014 /* chime_high.wav */,
				F0020015 /* applause.wav */,
			);
			path = Resources;
			sourceTree = "<group>";
		};
/* End PBXGroup section */

/* Begin PBXNativeTarget section */
		F0050001 /* VibeMaster */ = {
			isa = PBXNativeTarget;
			buildConfigurationList = F0060003 /* Build configuration list for PBXNativeTarget "VibeMaster" */;
			buildPhases = (
				F0050002 /* Sources */,
				F0030001 /* Frameworks */,
				F0050004 /* Resources */,
			);
			buildRules = (
			);
			dependencies = (
			);
			name = VibeMaster;
			packageProductDependencies = (
				F00PACK1 /* VibeMasterCore */,
			);
			productName = VibeMaster;
			productReference = F0020000 /* VibeMaster.app */;
			productType = "com.apple.product-type.application";
		};
/* End PBXNativeTarget section */

/* Begin PBXProject section */
		F0070001 /* Project object */ = {
			isa = PBXProject;
			attributes = {
				BuildIndependentTargetsInParallel = 1;
				LastSwiftUpdateCheck = 1500;
				LastUpgradeCheck = 2630;
				TargetAttributes = {
					F0050001 = {
						CreatedOnToolsVersion = 15.0;
					};
				};
			};
			buildConfigurationList = F0060001 /* Build configuration list for PBXProject "VibeMaster" */;
			compatibilityVersion = "Xcode 14.0";
			developmentRegion = en;
			hasScannedForEncodings = 0;
			knownRegions = (
				en,
				Base,
				fr,
			);
			mainGroup = F0040000;
			packageReferences = (
				F00PKG01 /* XCLocalSwiftPackageReference "VibeMasterCore" */,
			);
			productRefGroup = F0040002 /* Products */;
			projectDirPath = "";
			projectRoot = "";
			targets = (
				F0050001 /* VibeMaster */,
			);
		};
/* End PBXProject section */

/* Begin PBXResourcesBuildPhase section */
		F0050004 /* Resources */ = {
			isa = PBXResourcesBuildPhase;
			buildActionMask = 2147483647;
			files = (
				F0010010 /* MockData.json in Resources */,
				F0010011 /* Assets.xcassets in Resources */,
				F0010014 /* chime.wav in Resources */,
				F0010015 /* chime_high.wav in Resources */,
				F0010016 /* applause.wav in Resources */,
			);
			runOnlyForDeploymentPostprocessing = 0;
		};
/* End PBXResourcesBuildPhase section */

/* Begin PBXSourcesBuildPhase section */
		F0050002 /* Sources */ = {
			isa = PBXSourcesBuildPhase;
			buildActionMask = 2147483647;
			files = (
				F0010001 /* VibeMasterApp.swift in Sources */,
				F0010002 /* ContentView.swift in Sources */,
				F0010006 /* SplashView.swift in Sources */,
				F0010007 /* DashboardView.swift in Sources */,
				F0010008 /* SetupView.swift in Sources */,
				F0010009 /* GameView.swift in Sources */,
				F001000A /* PodiumView.swift in Sources */,
				F001000B /* DeezerAPIService.swift in Sources */,
				F001000C /* AudioPlaybackService.swift in Sources */,
				F001000D /* MockPlaylistService.swift in Sources */,
				F001000E /* FavoritesManager.swift in Sources */,
				F001000F /* HapticManager.swift in Sources */,
				F0010012 /* LastGameState.swift in Sources */,
			);
			runOnlyForDeploymentPostprocessing = 0;
		};
/* End PBXSourcesBuildPhase section */

/* Begin XCBuildConfiguration section */
		F0080001 /* Debug */ = {
			isa = XCBuildConfiguration;
			buildSettings = {
				ALWAYS_SEARCH_USER_PATHS = NO;
				ASSETCATALOG_COMPILER_GENERATE_SWIFT_ASSET_SYMBOL_EXTENSIONS = YES;
				CLANG_ANALYZER_LOCALIZABILITY_NONLOCALIZED = YES;
				CLANG_ANALYZER_NONNULL = YES;
				CLANG_ANALYZER_NUMBER_OBJECT_CONVERSION = YES_AGGRESSIVE;
				CLANG_CXX_LANGUAGE_STANDARD = "gnu++20";
				CLANG_ENABLE_MODULES = YES;
				CLANG_ENABLE_OBJC_ARC = YES;
				CLANG_ENABLE_OBJC_WEAK = YES;
				CLANG_WARN_BLOCK_CAPTURE_AUTORELEASING = YES;
				CLANG_WARN_BOOL_CONVERSION = YES;
				CLANG_WARN_COMMA = YES;
				CLANG_WARN_CONSTANT_CONVERSION = YES;
				CLANG_WARN_DEPRECATED_OBJC_IMPLEMENTATIONS = YES;
				CLANG_WARN_DIRECT_OBJC_ISA_USAGE = YES_ERROR;
				CLANG_WARN_DOCUMENTATION_COMMENTS = YES;
				CLANG_WARN_EMPTY_BODY = YES;
				CLANG_WARN_ENUM_CONVERSION = YES;
				CLANG_WARN_INFINITE_RECURSION = YES;
				CLANG_WARN_INT_CONVERSION = YES;
				CLANG_WARN_NON_LITERAL_NULL_CONVERSION = YES;
				CLANG_WARN_OBJC_IMPLICIT_RETAIN_SELF = YES;
				CLANG_WARN_OBJC_LITERAL_CONVERSION = YES;
				CLANG_WARN_OBJC_ROOT_CLASS = YES_ERROR;
				CLANG_WARN_QUOTED_INCLUDE_IN_FRAMEWORK_HEADER = YES;
				CLANG_WARN_RANGE_LOOP_ANALYSIS = YES;
				CLANG_WARN_STRICT_PROTOTYPES = YES;
				CLANG_WARN_SUSPICIOUS_MOVE = YES;
				CLANG_WARN_UNGUARDED_AVAILABILITY = YES_AGGRESSIVE;
				CLANG_WARN_UNREACHABLE_CODE = YES;
				CLANG_WARN__DUPLICATE_METHOD_MATCH = YES;
				COPY_PHASE_STRIP = NO;
				DEBUG_INFORMATION_FORMAT = dwarf;
				DEVELOPMENT_TEAM = 73Y2U9Q7Q7;
				ENABLE_STRICT_OBJC_MSGSEND = YES;
				ENABLE_TESTABILITY = YES;
				ENABLE_USER_SCRIPT_SANDBOXING = YES;
				GCC_C_LANGUAGE_STANDARD = gnu17;
				GCC_DYNAMIC_NO_PIC = NO;
				GCC_NO_COMMON_BLOCKS = YES;
				GCC_OPTIMIZATION_LEVEL = 0;
				GCC_PREPROCESSOR_DEFINITIONS = (
					"DEBUG=1",
					"$(inherited)",
				);
				GCC_WARN_64_TO_32_BIT_CONVERSION = YES;
				GCC_WARN_ABOUT_RETURN_TYPE = YES_ERROR;
				GCC_WARN_UNDECLARED_SELECTOR = YES;
				GCC_WARN_UNINITIALIZED_AUTOS = YES_AGGRESSIVE;
				GCC_WARN_UNUSED_FUNCTION = YES;
				GCC_WARN_UNUSED_VARIABLE = YES;
				IPHONEOS_DEPLOYMENT_TARGET = 26.0;
				LOCALIZATION_PREFERS_STRING_CATALOGS = YES;
				MTL_ENABLE_DEBUG_INFO = INCLUDE_SOURCE;
				MTL_FAST_MATH = YES;
				ONLY_ACTIVE_ARCH = YES;
				SDKROOT = iphoneos;
				STRING_CATALOG_GENERATE_SYMBOLS = YES;
				SWIFT_ACTIVE_COMPILATION_CONDITIONS = "DEBUG $(inherited)";
				SWIFT_OPTIMIZATION_LEVEL = "-Onone";
			};
			name = Debug;
		};
		F0080002 /* Release */ = {
			isa = XCBuildConfiguration;
			buildSettings = {
				ALWAYS_SEARCH_USER_PATHS = NO;
				ASSETCATALOG_COMPILER_GENERATE_SWIFT_ASSET_SYMBOL_EXTENSIONS = YES;
				CLANG_ANALYZER_LOCALIZABILITY_NONLOCALIZED = YES;
				CLANG_ANALYZER_NONNULL = YES;
				CLANG_ANALYZER_NUMBER_OBJECT_CONVERSION = YES_AGGRESSIVE;
				CLANG_CXX_LANGUAGE_STANDARD = "gnu++20";
				CLANG_ENABLE_MODULES = YES;
				CLANG_ENABLE_OBJC_ARC = YES;
				CLANG_ENABLE_OBJC_WEAK = YES;
				CLANG_WARN_BLOCK_CAPTURE_AUTORELEASING = YES;
				CLANG_WARN_BOOL_CONVERSION = YES;
				CLANG_WARN_COMMA = YES;
				CLANG_WARN_CONSTANT_CONVERSION = YES;
				CLANG_WARN_DEPRECATED_OBJC_IMPLEMENTATIONS = YES;
				CLANG_WARN_DIRECT_OBJC_ISA_USAGE = YES_ERROR;
				CLANG_WARN_DOCUMENTATION_COMMENTS = YES;
				CLANG_WARN_EMPTY_BODY = YES;
				CLANG_WARN_ENUM_CONVERSION = YES;
				CLANG_WARN_INFINITE_RECURSION = YES;
				CLANG_WARN_INT_CONVERSION = YES;
				CLANG_WARN_NON_LITERAL_NULL_CONVERSION = YES;
				CLANG_WARN_OBJC_IMPLICIT_RETAIN_SELF = YES;
				CLANG_WARN_OBJC_LITERAL_CONVERSION = YES;
				CLANG_WARN_OBJC_ROOT_CLASS = YES_ERROR;
				CLANG_WARN_QUOTED_INCLUDE_IN_FRAMEWORK_HEADER = YES;
				CLANG_WARN_RANGE_LOOP_ANALYSIS = YES;
				CLANG_WARN_STRICT_PROTOTYPES = YES;
				CLANG_WARN_SUSPICIOUS_MOVE = YES;
				CLANG_WARN_UNGUARDED_AVAILABILITY = YES_AGGRESSIVE;
				CLANG_WARN_UNREACHABLE_CODE = YES;
				CLANG_WARN__DUPLICATE_METHOD_MATCH = YES;
				COPY_PHASE_STRIP = NO;
				DEBUG_INFORMATION_FORMAT = "dwarf-with-dsym";
				DEVELOPMENT_TEAM = 73Y2U9Q7Q7;
				ENABLE_NS_ASSERTIONS = NO;
				ENABLE_STRICT_OBJC_MSGSEND = YES;
				ENABLE_USER_SCRIPT_SANDBOXING = YES;
				GCC_C_LANGUAGE_STANDARD = gnu17;
				GCC_NO_COMMON_BLOCKS = YES;
				GCC_WARN_64_TO_32_BIT_CONVERSION = YES;
				GCC_WARN_ABOUT_RETURN_TYPE = YES_ERROR;
				GCC_WARN_UNDECLARED_SELECTOR = YES;
				GCC_WARN_UNINITIALIZED_AUTOS = YES_AGGRESSIVE;
				GCC_WARN_UNUSED_FUNCTION = YES;
				GCC_WARN_UNUSED_VARIABLE = YES;
				IPHONEOS_DEPLOYMENT_TARGET = 26.0;
				LOCALIZATION_PREFERS_STRING_CATALOGS = YES;
				MTL_ENABLE_DEBUG_INFO = NO;
				MTL_FAST_MATH = YES;
				SDKROOT = iphoneos;
				STRING_CATALOG_GENERATE_SYMBOLS = YES;
				SWIFT_COMPILATION_MODE = wholemodule;
				VALIDATE_PRODUCT = YES;
			};
			name = Release;
		};
		F0080003 /* Debug */ = {
			isa = XCBuildConfiguration;
			buildSettings = {
				ASSETCATALOG_COMPILER_APPICON_NAME = AppIcon;
				ASSETCATALOG_COMPILER_GLOBAL_ACCENT_COLOR_NAME = AccentColor;
				CODE_SIGN_STYLE = Automatic;
				CURRENT_PROJECT_VERSION = 3;
				DEVELOPMENT_ASSET_PATHS = "";
				ENABLE_PREVIEWS = YES;
				GENERATE_INFOPLIST_FILE = YES;
				INFOPLIST_KEY_CFBundleDisplayName = "BlindTest Easy";
				INFOPLIST_KEY_CFBundleIconName = AppIcon;
				INFOPLIST_KEY_UIApplicationSceneManifest_Generation = YES;
				INFOPLIST_KEY_UIApplicationSupportsIndirectInputEvents = YES;
				INFOPLIST_KEY_UILaunchScreen_Generation = YES;
				INFOPLIST_KEY_UISupportedInterfaceOrientations_iPad = "UIInterfaceOrientationPortrait UIInterfaceOrientationPortraitUpsideDown UIInterfaceOrientationLandscapeLeft UIInterfaceOrientationLandscapeRight";
				INFOPLIST_KEY_UISupportedInterfaceOrientations_iPhone = "UIInterfaceOrientationPortrait UIInterfaceOrientationLandscapeLeft UIInterfaceOrientationLandscapeRight";
				LD_RUNPATH_SEARCH_PATHS = (
					"$(inherited)",
					"@executable_path/Frameworks",
				);
				MARKETING_VERSION = 1.0.2;
				PRODUCT_BUNDLE_IDENTIFIER = com.vibemaster.app;
				PRODUCT_NAME = "$(TARGET_NAME)";
				SUPPORTED_PLATFORMS = "iphoneos iphonesimulator";
				SUPPORTS_MACCATALYST = NO;
				SWIFT_EMIT_LOC_STRINGS = YES;
				SWIFT_VERSION = 5.0;
				TARGETED_DEVICE_FAMILY = 1;
			};
			name = Debug;
		};
		F0080004 /* Release */ = {
			isa = XCBuildConfiguration;
			buildSettings = {
				ASSETCATALOG_COMPILER_APPICON_NAME = AppIcon;
				ASSETCATALOG_COMPILER_GLOBAL_ACCENT_COLOR_NAME = AccentColor;
				CODE_SIGN_STYLE = Automatic;
				CURRENT_PROJECT_VERSION = 3;
				DEVELOPMENT_ASSET_PATHS = "";
				ENABLE_PREVIEWS = YES;
				GENERATE_INFOPLIST_FILE = YES;
				INFOPLIST_KEY_CFBundleDisplayName = "BlindTest Easy";
				INFOPLIST_KEY_CFBundleIconName = AppIcon;
				INFOPLIST_KEY_UIApplicationSceneManifest_Generation = YES;
				INFOPLIST_KEY_UIApplicationSupportsIndirectInputEvents = YES;
				INFOPLIST_KEY_UILaunchScreen_Generation = YES;
				INFOPLIST_KEY_UISupportedInterfaceOrientations_iPad = "UIInterfaceOrientationPortrait UIInterfaceOrientationPortraitUpsideDown UIInterfaceOrientationLandscapeLeft UIInterfaceOrientationLandscapeRight";
				INFOPLIST_KEY_UISupportedInterfaceOrientations_iPhone = "UIInterfaceOrientationPortrait UIInterfaceOrientationLandscapeLeft UIInterfaceOrientationLandscapeRight";
				LD_RUNPATH_SEARCH_PATHS = (
					"$(inherited)",
					"@executable_path/Frameworks",
				);
				MARKETING_VERSION = 1.0.2;
				PRODUCT_BUNDLE_IDENTIFIER = com.vibemaster.app;
				PRODUCT_NAME = "$(TARGET_NAME)";
				SUPPORTED_PLATFORMS = "iphoneos iphonesimulator";
				SUPPORTS_MACCATALYST = NO;
				SWIFT_EMIT_LOC_STRINGS = YES;
				SWIFT_VERSION = 5.0;
				TARGETED_DEVICE_FAMILY = 1;
			};
			name = Release;
		};
/* End XCBuildConfiguration section */

/* Begin XCConfigurationList section */
		F0060001 /* Build configuration list for PBXProject "VibeMaster" */ = {
			isa = XCConfigurationList;
			buildConfigurations = (
				F0080001 /* Debug */,
				F0080002 /* Release */,
			);
			defaultConfigurationIsVisible = 0;
			defaultConfigurationName = Release;
		};
		F0060003 /* Build configuration list for PBXNativeTarget "VibeMaster" */ = {
			isa = XCConfigurationList;
			buildConfigurations = (
				F0080003 /* Debug */,
				F0080004 /* Release */,
			);
			defaultConfigurationIsVisible = 0;
			defaultConfigurationName = Release;
		};
/* End XCConfigurationList section */

/* Begin XCLocalSwiftPackageReference section */
		F00PKG01 /* XCLocalSwiftPackageReference "VibeMasterCore" */ = {
			isa = XCLocalSwiftPackageReference;
			relativePath = VibeMasterCore;
		};
/* End XCLocalSwiftPackageReference section */

/* Begin XCSwiftPackageProductDependency section */
		F00PACK1 /* VibeMasterCore */ = {
			isa = XCSwiftPackageProductDependency;
			package = F00PKG01 /* XCLocalSwiftPackageReference "VibeMasterCore" */;
			productName = VibeMasterCore;
		};
/* End XCSwiftPackageProductDependency section */
	};
	rootObject = F0070001 /* Project object */;
}
